# This file is generated by running "yarn install" inside your project.
# Manual changes might be lost - proceed with caution!

__metadata:
  version: 8
  cacheKey: 10c0

"@google-labs/breadboard@npm:^0.5.0":
  version: 0.5.0
  resolution: "@google-labs/breadboard@npm:0.5.0"
  checksum: 2c94d5bc666733e29c5622a10c593176a09fe02eb33508082c08e2dc672cd3c3bd6b03f9e7820ad1c133c050c00f80b698ef82763375571d8e3241c36fb010d1
  languageName: node
  linkType: hard

"@google-labs/core-kit@npm:^0.0.1":
  version: 0.0.1
  resolution: "@google-labs/core-kit@npm:0.0.1"
  dependencies:
    "@google-labs/breadboard": "npm:^0.5.0"
  checksum: 3c2611acc4c9e6f2eb9f3377fc9c5836714292e431bd43322dce72314b164bbeefebd149b53674d5731a667995f4a1e4ca7991a819b56ba90b0943a56d2674dd
  languageName: node
  linkType: hard

"@google-labs/llm-starter@npm:^0.2.1":
  version: 0.2.1
  resolution: "@google-labs/llm-starter@npm:0.2.1"
  dependencies:
    "@google-labs/breadboard": "npm:^0.5.0"
    "@google-labs/palm-lite": "npm:^0.0.2"
    "@rgrove/parse-xml": "npm:^4.1.0"
    jsonata: "npm:^2.0.3"
    url-template: "npm:^3.1.0"
  checksum: 63f334af6680e2ec354aef54a1b3b3dd367fcb38c85b37deccaac8cbd59046482d0250df5124406db8b178d8090de7e8e6e82300d10e7c982a99b97cc43c5122
  languageName: node
  linkType: hard

"@google-labs/palm-lite@npm:^0.0.2":
  version: 0.0.2
  resolution: "@google-labs/palm-lite@npm:0.0.2"
  checksum: dd8660069cfc1bfd44c4907164a4d2b23f1a091974f19a589fd0b631bf718cfbebd61901611f70c0bc9080621d972d9cf35ac925b640effe5911a7e82ff31446
  languageName: node
  linkType: hard

"@rgrove/parse-xml@npm:^4.1.0":
  version: 4.1.0
  resolution: "@rgrove/parse-xml@npm:4.1.0"
  checksum: ee596f39a3bbda616305df12421f617b5a167b35f3a0d300b8a3b1a84b08967f098173e418503017a7f7746f22841d995d40dce37152c04729948a65c5fd8ee6
  languageName: node
  linkType: hard

"@types/node@npm:^20.9.0":
  version: 20.9.0
  resolution: "@types/node@npm:20.9.0"
  dependencies:
    undici-types: "npm:~5.26.4"
  checksum: 755d07de735eafda4e20af75ad9d03bdbfddef327d790e9a896142eac7493db5d8501591376e1c8227aa12eeb88e522bc727c6024504842ed40e539e8a466db9
  languageName: node
  linkType: hard

"jsonata@npm:^2.0.3":
  version: 2.0.4
  resolution: "jsonata@npm:2.0.4"
  checksum: 0e5c3f9630dec7eb59d8c79b02aa6f6c4465af1a1638abae0b1d42df7a02f1911a3494038645d260cdc96b395f072498b5adf35927dea0918ad75a6401fb35ad
  languageName: node
  linkType: hard

"poolish@workspace:.":
  version: 0.0.0-use.local
  resolution: "poolish@workspace:."
  dependencies:
    "@google-labs/breadboard": "npm:^0.5.0"
    "@google-labs/core-kit": "npm:^0.0.1"
    "@google-labs/llm-starter": "npm:^0.2.1"
    "@types/node": "npm:^20.9.0"
    typescript: "npm:^5.2.2"
  languageName: unknown
  linkType: soft

"typescript@npm:^5.2.2":
  version: 5.2.2
  resolution: "typescript@npm:5.2.2"
  bin:
    tsc: bin/tsc
    tsserver: bin/tsserver
  checksum: 91ae3e6193d0ddb8656d4c418a033f0f75dec5e077ebbc2bd6d76439b93f35683936ee1bdc0e9cf94ec76863aa49f27159b5788219b50e1cd0cd6d110aa34b07
  languageName: node
  linkType: hard

"typescript@patch:typescript@npm%3A^5.2.2#optional!builtin<compat/typescript>":
  version: 5.2.2
  resolution: "typescript@patch:typescript@npm%3A5.2.2#optional!builtin<compat/typescript>::version=5.2.2&hash=f3b441"
  bin:
    tsc: bin/tsc
    tsserver: bin/tsserver
  checksum: 062c1cee1990e6b9419ce8a55162b8dc917eb87f807e4de0327dbc1c2fa4e5f61bc0dd4e034d38ff541d1ed0479b53bcee8e4de3a4075c51a1724eb6216cb6f5
  languageName: node
  linkType: hard

"undici-types@npm:~5.26.4":
  version: 5.26.5
  resolution: "undici-types@npm:5.26.5"
  checksum: bb673d7876c2d411b6eb6c560e0c571eef4a01c1c19925175d16e3a30c4c428181fb8d7ae802a261f283e4166a0ac435e2f505743aa9e45d893f9a3df017b501
  languageName: node
  linkType: hard

"url-template@npm:^3.1.0":
  version: 3.1.0
  resolution: "url-template@npm:3.1.0"
  checksum: 142fb6e8ed3a956e49a8b9bf461150b5a6ba1e1cc1483300e3d2692df159fed6327ca5843bae3f2100746ee00878365e2780c63cf78f80ea25b0a1787ca04976
  languageName: node
  linkType: hard
