# This file is generated by running "yarn install" inside your project.
# Manual changes might be lost - proceed with caution!

__metadata:
  version: 8
  cacheKey: 10c0

"@google-labs/breadboard@npm:^0.5.0":
  version: 0.5.0
  resolution: "@google-labs/breadboard@npm:0.5.0"
  checksum: 2c94d5bc666733e29c5622a10c593176a09fe02eb33508082c08e2dc672cd3c3bd6b03f9e7820ad1c133c050c00f80b698ef82763375571d8e3241c36fb010d1
  languageName: node
  linkType: hard

"@google-labs/core-kit@npm:^0.0.1":
  version: 0.0.1
  resolution: "@google-labs/core-kit@npm:0.0.1"
  dependencies:
    "@google-labs/breadboard": "npm:^0.5.0"
  checksum: 3c2611acc4c9e6f2eb9f3377fc9c5836714292e431bd43322dce72314b164bbeefebd149b53674d5731a667995f4a1e4ca7991a819b56ba90b0943a56d2674dd
  languageName: node
  linkType: hard

"@google-labs/llm-starter@npm:^0.2.1":
  version: 0.2.1
  resolution: "@google-labs/llm-starter@npm:0.2.1"
  dependencies:
    "@google-labs/breadboard": "npm:^0.5.0"
    "@google-labs/palm-lite": "npm:^0.0.2"
    "@rgrove/parse-xml": "npm:^4.1.0"
    jsonata: "npm:^2.0.3"
    url-template: "npm:^3.1.0"
  checksum: 63f334af6680e2ec354aef54a1b3b3dd367fcb38c85b37deccaac8cbd59046482d0250df5124406db8b178d8090de7e8e6e82300d10e7c982a99b97cc43c5122
  languageName: node
  linkType: hard

"@google-labs/palm-lite@npm:^0.0.2":
  version: 0.0.2
  resolution: "@google-labs/palm-lite@npm:0.0.2"
  checksum: dd8660069cfc1bfd44c4907164a4d2b23f1a091974f19a589fd0b631bf718cfbebd61901611f70c0bc9080621d972d9cf35ac925b640effe5911a7e82ff31446
  languageName: node
  linkType: hard

"@rgrove/parse-xml@npm:^4.1.0":
  version: 4.1.0
  resolution: "@rgrove/parse-xml@npm:4.1.0"
  checksum: ee596f39a3bbda616305df12421f617b5a167b35f3a0d300b8a3b1a84b08967f098173e418503017a7f7746f22841d995d40dce37152c04729948a65c5fd8ee6
  languageName: node
  linkType: hard

"@types/node@npm:^22.7.5":
  version: 22.7.5
  resolution: "@types/node@npm:22.7.5"
  dependencies:
    undici-types: "npm:~6.19.2"
  checksum: cf11f74f1a26053ec58066616e3a8685b6bcd7259bc569738b8f752009f9f0f7f85a1b2d24908e5b0f752482d1e8b6babdf1fbb25758711ec7bb9500bfcd6e60
  languageName: node
  linkType: hard

"jsonata@npm:^2.0.3":
  version: 2.0.3
  resolution: "jsonata@npm:2.0.3"
  checksum: b66c522ffb407400d763385a248197558604ae8da918602a38da13a685e3a14441368c3292ad3bce804d65d02594f65d39443663985331d7d4870d9df0f713eb
  languageName: node
  linkType: hard

"poolish@workspace:.":
  version: 0.0.0-use.local
  resolution: "poolish@workspace:."
  dependencies:
    "@google-labs/breadboard": "npm:^0.5.0"
    "@google-labs/core-kit": "npm:^0.0.1"
    "@google-labs/llm-starter": "npm:^0.2.1"
    "@types/node": "npm:^22.7.5"
    typescript: "npm:^5.6.3"
  languageName: unknown
  linkType: soft

"typescript@npm:^5.6.3":
  version: 5.6.3
  resolution: "typescript@npm:5.6.3"
  bin:
    tsc: bin/tsc
    tsserver: bin/tsserver
  checksum: 44f61d3fb15c35359bc60399cb8127c30bae554cd555b8e2b46d68fa79d680354b83320ad419ff1b81a0bdf324197b29affe6cc28988cd6a74d4ac60c94f9799
  languageName: node
  linkType: hard

"typescript@patch:typescript@npm%3A^5.6.3#optional!builtin<compat/typescript>":
  version: 5.6.3
  resolution: "typescript@patch:typescript@npm%3A5.6.3#optional!builtin<compat/typescript>::version=5.6.3&hash=29ae49"
  bin:
    tsc: bin/tsc
    tsserver: bin/tsserver
  checksum: ac8307bb06bbfd08ae7137da740769b7d8c3ee5943188743bb622c621f8ad61d244767480f90fbd840277fbf152d8932aa20c33f867dea1bb5e79b187ca1a92f
  languageName: node
  linkType: hard

"undici-types@npm:~6.19.2":
  version: 6.19.8
  resolution: "undici-types@npm:6.19.8"
  checksum: 078afa5990fba110f6824823ace86073b4638f1d5112ee26e790155f481f2a868cc3e0615505b6f4282bdf74a3d8caad715fd809e870c2bb0704e3ea6082f344
  languageName: node
  linkType: hard

"url-template@npm:^3.1.0":
  version: 3.1.0
  resolution: "url-template@npm:3.1.0"
  checksum: 142fb6e8ed3a956e49a8b9bf461150b5a6ba1e1cc1483300e3d2692df159fed6327ca5843bae3f2100746ee00878365e2780c63cf78f80ea25b0a1787ca04976
  languageName: node
  linkType: hard
