# This file is generated by running "yarn install" inside your project.
# Manual changes might be lost - proceed with caution!

__metadata:
  version: 8
  cacheKey: 10c0

"@breadboard-ai/build@npm:0.10.3":
  version: 0.10.3
  resolution: "@breadboard-ai/build@npm:0.10.3"
  dependencies:
    "@breadboard-ai/types": "npm:0.1.1"
    "@google-labs/breadboard": "npm:^0.27.3"
    "@types/json-schema": "npm:^7.0.15"
  checksum: d92acc9e0e00823683dc893dd6f813544a39941d6ec91f7fd6b6975dbf845a7a71382e1c9f62e9a2440bfb987d2186f5739ff6e1669a27d4de0c686bf7063f6b
  languageName: node
  linkType: hard

"@breadboard-ai/types@npm:0.1.1":
  version: 0.1.1
  resolution: "@breadboard-ai/types@npm:0.1.1"
  checksum: e4a537938b292ed00591bc676fef7ff4c9268e62dbc199ba0ac1bbdcc69c1371bd823eff25e17667d4f51d56d544285e0d354d50ab9f82bdd72b6cd2d6c09b3e
  languageName: node
  linkType: hard

"@google-labs/breadboard-schema@npm:^1.4.1, @google-labs/breadboard-schema@npm:^1.8.1":
  version: 1.8.1
  resolution: "@google-labs/breadboard-schema@npm:1.8.1"
  dependencies:
    "@types/json-schema": "npm:^7.0.15"
  checksum: cb31944f39af4985291108dc618b44109cb5bb6b1a5df32e95f6ec966923d4e9b56ec62c250552b83d5f3b32231b93c6f98adceec4dfe7961efccad373f8b115
  languageName: node
  linkType: hard

"@google-labs/breadboard@npm:^0.20.0":
  version: 0.20.0
  resolution: "@google-labs/breadboard@npm:0.20.0"
  dependencies:
    "@google-labs/breadboard-schema": "npm:^1.4.1"
  checksum: 144395ff233e655662f84de30603d9831dd8dea400211315cb35a3d2db7644b2a8c0c20bc5f9ad63e1b9c01a24d79eadb647594ea84f26d5b4f30ef309d167df
  languageName: node
  linkType: hard

"@google-labs/breadboard@npm:^0.27.3":
  version: 0.27.3
  resolution: "@google-labs/breadboard@npm:0.27.3"
  dependencies:
    "@breadboard-ai/types": "npm:0.1.1"
    "@google-labs/breadboard-schema": "npm:^1.8.1"
    json-schema: "npm:^0.4.0"
  checksum: 02a07b62929f510415d66ce1e51a2c8c22798eecd170a88be6fd2890b89cfd101726bf36546336d9892747d047507f6df02afbd6f1b53bedaf7405c181dcbdc1
  languageName: node
  linkType: hard

"@google-labs/core-kit@npm:^0.15.2":
  version: 0.15.2
  resolution: "@google-labs/core-kit@npm:0.15.2"
  dependencies:
    "@breadboard-ai/build": "npm:0.10.3"
    "@google-labs/breadboard": "npm:^0.27.3"
  checksum: 42a2aede23147903e69391b9798f6b59139e58d4c44bf5bbe155401c8573b6e31352b556e69d7825f2982fea2523ac47f0e0d14015deefb79331a93ca7b8486f
  languageName: node
  linkType: hard

"@google-labs/llm-starter@npm:^0.3.15":
  version: 0.3.15
  resolution: "@google-labs/llm-starter@npm:0.3.15"
  dependencies:
    "@google-labs/breadboard": "npm:^0.20.0"
    url-template: "npm:^3.1.0"
  checksum: 6d422b99acd810186ef180eff1d9f1f440e45a521cfce122cb1608bb5e96892b3b21b3bb20a3cc7a493cae9aca53cf069ba82474bbfd3adde55c769380a95dc5
  languageName: node
  linkType: hard

"@types/json-schema@npm:^7.0.15":
  version: 7.0.15
  resolution: "@types/json-schema@npm:7.0.15"
  checksum: a996a745e6c5d60292f36731dd41341339d4eeed8180bb09226e5c8d23759067692b1d88e5d91d72ee83dfc00d3aca8e7bd43ea120516c17922cbcb7c3e252db
  languageName: node
  linkType: hard

"@types/node@npm:^20.9.0":
  version: 20.9.0
  resolution: "@types/node@npm:20.9.0"
  dependencies:
    undici-types: "npm:~5.26.4"
  checksum: 755d07de735eafda4e20af75ad9d03bdbfddef327d790e9a896142eac7493db5d8501591376e1c8227aa12eeb88e522bc727c6024504842ed40e539e8a466db9
  languageName: node
  linkType: hard

"json-schema@npm:^0.4.0":
  version: 0.4.0
  resolution: "json-schema@npm:0.4.0"
  checksum: d4a637ec1d83544857c1c163232f3da46912e971d5bf054ba44fdb88f07d8d359a462b4aec46f2745efbc57053365608d88bc1d7b1729f7b4fc3369765639ed3
  languageName: node
  linkType: hard

"poolish@workspace:.":
  version: 0.0.0-use.local
  resolution: "poolish@workspace:."
  dependencies:
    "@google-labs/breadboard": "npm:^0.27.3"
    "@google-labs/core-kit": "npm:^0.15.2"
    "@google-labs/llm-starter": "npm:^0.3.15"
    "@types/node": "npm:^20.9.0"
    typescript: "npm:^5.2.2"
  languageName: unknown
  linkType: soft

"typescript@npm:^5.2.2":
  version: 5.2.2
  resolution: "typescript@npm:5.2.2"
  bin:
    tsc: bin/tsc
    tsserver: bin/tsserver
  checksum: 91ae3e6193d0ddb8656d4c418a033f0f75dec5e077ebbc2bd6d76439b93f35683936ee1bdc0e9cf94ec76863aa49f27159b5788219b50e1cd0cd6d110aa34b07
  languageName: node
  linkType: hard

"typescript@patch:typescript@npm%3A^5.2.2#optional!builtin<compat/typescript>":
  version: 5.2.2
  resolution: "typescript@patch:typescript@npm%3A5.2.2#optional!builtin<compat/typescript>::version=5.2.2&hash=f3b441"
  bin:
    tsc: bin/tsc
    tsserver: bin/tsserver
  checksum: 062c1cee1990e6b9419ce8a55162b8dc917eb87f807e4de0327dbc1c2fa4e5f61bc0dd4e034d38ff541d1ed0479b53bcee8e4de3a4075c51a1724eb6216cb6f5
  languageName: node
  linkType: hard

"undici-types@npm:~5.26.4":
  version: 5.26.5
  resolution: "undici-types@npm:5.26.5"
  checksum: bb673d7876c2d411b6eb6c560e0c571eef4a01c1c19925175d16e3a30c4c428181fb8d7ae802a261f283e4166a0ac435e2f505743aa9e45d893f9a3df017b501
  languageName: node
  linkType: hard

"url-template@npm:^3.1.0":
  version: 3.1.0
  resolution: "url-template@npm:3.1.0"
  checksum: 142fb6e8ed3a956e49a8b9bf461150b5a6ba1e1cc1483300e3d2692df159fed6327ca5843bae3f2100746ee00878365e2780c63cf78f80ea25b0a1787ca04976
  languageName: node
  linkType: hard
